
Microsoft Visual Studio Solution File, Format Version 12.00
# Visual Studio Version 16
VisualStudioVersion = 16.0.30621.155
MinimumVisualStudioVersion = 10.0.40219.1
Project("{FAE04EC0-301F-11D3-BF4B-00C04F79EFBC}") = "Fever", "Fever\Fever.csproj", "{1F64308F-7D46-4F27-89EA-4BE963E462BA}"
EndProject
Global
	GlobalSection(SolutionConfigurationPlatforms) = preSolution
		Debug|Any CPU = Debug|Any CPU
		Release|Any CPU = Release|Any CPU
	EndGlobalSection
	GlobalSection(ProjectConfigurationPlatforms) = postSolution
		{1F64308F-7D46-4F27-89EA-4BE963E462BA}.Debug|Any CPU.ActiveCfg = Debug|Any CPU
		{1F64308F-7D46-4F27-89EA-4BE963E462BA}.Debug|Any CPU.Build.0 = Debug|Any CPU
		{1F64308F-7D46-4F27-89EA-4BE963E462BA}.Release|Any CPU.ActiveCfg = Release|Any CPU
		{1F64308F-7D46-4F27-89EA-4BE963E462BA}.Release|Any CPU.Build.0 = Release|Any CPU
	EndGlobalSection
	GlobalSection(SolutionProperties) = preSolution
		HideSolutionNode = FALSE
	EndGlobalSection
	GlobalSection(ExtensibilityGlobals) = postSolution
		SolutionGuid = {0A957D08-3E23-4CF1-89A2-5C68A1380179}
	EndGlobalSection
EndGlobal
